github.com/kvark128/daisyonline v0.0.0-20200920082134-6034c8769bcb h1:2Wnq8YzbzbUlfzN6Irr3zcE1xoXpZ+al+ytKpTeI5ks=
github.com/kvark128/daisyonline v0.0.0-20200920082134-6034c8769bcb/go.mod h1:SOw4ymhX7jfHUptO5JhejOUit7lZp4t7nyFD2NW9Lp0=
github.com/kvark128/lkf v0.0.0-20200906212533-0cc542d11ec8 h1:Aqw38uFO5FQwpLG2w0+7ot7GYIFtoYiiKN54Nvshbfk=
github.com/kvark128/lkf v0.0.0-20200906212533-0cc542d11ec8/go.mod h1:XYk24siMM2Awb3zhupGfdS62SqWOrDFMtx7Cg7C2KeU=
github.com/kvark128/minimp3 v0.0.0-20210118111654-8e3d819290c1 h1:LXYB7tXya5a79xYf8tLVtrf4lAKIKwEGcTkz5XnT/P4=
github.com/kvark128/minimp3 v0.0.0-20210118111654-8e3d819290c1/go.mod h1:buYWRXcBQshGxgbIUSADJ4H6hsVnPl6pIVQm0Q86jAo=
github.com/kvark128/sonic v0.0.0-20201207081834-61dfd0ccaee2 h1:fVAhka8diCpx3sRenyWweDxuKJBtA3Jcpq/JVPFNM8w=
github.com/kvark128/sonic v0.0.0-20201207081834-61dfd0ccaee2/go.mod h1:5qpI0uqtCzmlTnBUqP7bA/5qEtUsAzeSO4G+SSSKcKc=
github.com/lxn/walk v0.0.0-20210112085537-c389da54e794 h1:NVRJ0Uy0SOFcXSKLsS65OmI1sgCCfiDUPj+cwnH7GZw=
github.com/lxn/walk v0.0.0-20210112085537-c389da54e794/go.mod h1:E23UucZGqpuUANJooIbHWCufXvOcT6E7Stq81gU+CSQ=
github.com/lxn/win v0.0.0-20201111105847-2a20daff6a55 h1:4BxFx5XCtXc+nFtXDGDW+Uu5sPtsAbvPh6RObj3fG9o=
github.com/lxn/win v0.0.0-20201111105847-2a20daff6a55/go.mod h1:KxxjdtRkfNoYDCUP5ryK7XJJNTnpC8atvtmTheChOtk=
golang.org/x/sys v0.0.0-20201018230417-eeed37f84f13/go.mod h1:h1NjWce9XRLGQEsW7wpKNCjG9DtNlClVuFLEZdDNbEs=
golang.org/x/sys v0.0.0-20210216163648-f7da38b97c65 h1:pTMjDVnP5eVRRlWO76rEWJ8JoC6Lf1CmyjPZXRiy2Sw=
golang.org/x/sys v0.0.0-20210216163648-f7da38b97c65/go.mod h1:h1NjWce9XRLGQEsW7wpKNCjG9DtNlClVuFLEZdDNbEs=
golang.org/x/sys v0.0.0-20210216224549-f992740a1bac h1:9glrpwtNjBYgRpb67AZJKHfzj1stG/8BL5H7In2oTC4=
golang.org/x/sys v0.0.0-20210216224549-f992740a1bac/go.mod h1:h1NjWce9XRLGQEsW7wpKNCjG9DtNlClVuFLEZdDNbEs=
gopkg.in/Knetic/govaluate.v3 v3.0.0 h1:18mUyIt4ZlRlFZAAfVetz4/rzlJs9yhN+U02F4u1AOc=
gopkg.in/Knetic/govaluate.v3 v3.0.0/go.mod h1:csKLBORsPbafmSCGTEh3U7Ozmsuq8ZSIlKk1bcqph0E=
